
Microsoft Visual Studio Solution File, Format Version 12.00
# Visual Studio Version 16
VisualStudioVersion = 16.0.30907.101
MinimumVisualStudioVersion = 10.0.40219.1
Project("{9A19103F-16F7-4668-BE54-9A1E7A4F7556}") = "DataAccess", "DataAccess\DataAccess.csproj", "{7A6CF00E-829F-478A-B452-B30B28C93383}"
EndProject
Project("{9A19103F-16F7-4668-BE54-9A1E7A4F7556}") = "Business", "Business\Business.csproj", "{4E3444FC-7C48-4D85-9721-6D5657B2EC51}"
EndProject
Project("{9A19103F-16F7-4668-BE54-9A1E7A4F7556}") = "Entities", "Entities\Entities.csproj", "{F62062F8-AC73-4B1F-835A-A9EDA96694BA}"
EndProject
Project("{9A19103F-16F7-4668-BE54-9A1E7A4F7556}") = "ConsoleUI", "ConsoleUI\ConsoleUI.csproj", "{B6FA730E-CFFE-4200-B619-7E4E58765E59}"
EndProject
Project("{FAE04EC0-301F-11D3-BF4B-00C04F79EFBC}") = "Core", "Core\Core.csproj", "{88A3D940-2EE3-487D-87E8-DA5633F11EFC}"
EndProject
Global
	GlobalSection(SolutionConfigurationPlatforms) = preSolution
		Debug|Any CPU = Debug|Any CPU
		Release|Any CPU = Release|Any CPU
	EndGlobalSection
	GlobalSection(ProjectConfigurationPlatforms) = postSolution
		{7A6CF00E-829F-478A-B452-B30B28C93383}.Debug|Any CPU.ActiveCfg = Debug|Any CPU
		{7A6CF00E-829F-478A-B452-B30B28C93383}.Debug|Any CPU.Build.0 = Debug|Any CPU
		{7A6CF00E-829F-478A-B452-B30B28C93383}.Release|Any CPU.ActiveCfg = Release|Any CPU
		{7A6CF00E-829F-478A-B452-B30B28C93383}.Release|Any CPU.Build.0 = Release|Any CPU
		{4E3444FC-7C48-4D85-9721-6D5657B2EC51}.Debug|Any CPU.ActiveCfg = Debug|Any CPU
		{4E3444FC-7C48-4D85-9721-6D5657B2EC51}.Debug|Any CPU.Build.0 = Debug|Any CPU
		{4E3444FC-7C48-4D85-9721-6D5657B2EC51}.Release|Any CPU.ActiveCfg = Release|Any CPU
		{4E3444FC-7C48-4D85-9721-6D5657B2EC51}.Release|Any CPU.Build.0 = Release|Any CPU
		{F62062F8-AC73-4B1F-835A-A9EDA96694BA}.Debug|Any CPU.ActiveCfg = Debug|Any CPU
		{F62062F8-AC73-4B1F-835A-A9EDA96694BA}.Debug|Any CPU.Build.0 = Debug|Any CPU
		{F62062F8-AC73-4B1F-835A-A9EDA96694BA}.Release|Any CPU.ActiveCfg = Release|Any CPU
		{F62062F8-AC73-4B1F-835A-A9EDA96694BA}.Release|Any CPU.Build.0 = Release|Any CPU
		{B6FA730E-CFFE-4200-B619-7E4E58765E59}.Debug|Any CPU.ActiveCfg = Debug|Any CPU
		{B6FA730E-CFFE-4200-B619-7E4E58765E59}.Debug|Any CPU.Build.0 = Debug|Any CPU
		{B6FA730E-CFFE-4200-B619-7E4E58765E59}.Release|Any CPU.ActiveCfg = Release|Any CPU
		{B6FA730E-CFFE-4200-B619-7E4E58765E59}.Release|Any CPU.Build.0 = Release|Any CPU
		{88A3D940-2EE3-487D-87E8-DA5633F11EFC}.Debug|Any CPU.ActiveCfg = Debug|Any CPU
		{88A3D940-2EE3-487D-87E8-DA5633F11EFC}.Debug|Any CPU.Build.0 = Debug|Any CPU
		{88A3D940-2EE3-487D-87E8-DA5633F11EFC}.Release|Any CPU.ActiveCfg = Release|Any CPU
		{88A3D940-2EE3-487D-87E8-DA5633F11EFC}.Release|Any CPU.Build.0 = Release|Any CPU
	EndGlobalSection
	GlobalSection(SolutionProperties) = preSolution
		HideSolutionNode = FALSE
	EndGlobalSection
	GlobalSection(ExtensibilityGlobals) = postSolution
		SolutionGuid = {73D55979-124D-4FE7-88F8-C7C7C4E5B1BB}
	EndGlobalSection
EndGlobal
